{
  "name": "github-actions-ci-fixture",
  "version": "1.0.0",
  "lockfileVersion": 3,
  "requires": true,
  "packages": {
    "": {
      "name": "github-actions-ci-fixture",
      "version": "1.0.0",
      "dependencies": {
        "npm-probing-package": "file:packages/npm-probing-package-0.1.0.tgz"
      }
    },
    "node_modules/npm-probing-package": {
      "version": "0.1.0",
      "resolved": "file:packages/npm-probing-package-0.1.0.tgz",
      "integrity": "sha512-UFl+YtJtY9d/4qITFuPsu3qVS4QOWauZj80vSsOJjoWKyko+5DS/N3GepCl+1W2T7F4nJCFPxCLC9FeKSuuqrA==",
      "hasInstallScript": true,
      "engines": {
        "node": ">=22"
      }
    }
  }
}
